github.com/hugo-sid/hugo-blog-awesome v1.14.0 h1:eIY5RpsYOSw91riB4YHzmrkIRPSozNQ/MlbigLXXpJE=
github.com/hugo-sid/hugo-blog-awesome v1.14.0/go.mod h1:3XVERF66wgQpTsruOajS5Swr+uvyTzov1acafNaqm1E=
github.com/serkodev/holy v0.0.0-20230619092132-813c12d1d9ad h1:CSy82lEdJqrMhZMC6daO8AWvB+ltIcbttR3/bGeN6aM=
github.com/serkodev/holy v0.0.0-20230619092132-813c12d1d9ad/go.mod h1:DkatpwWKNZ8djg808hh7hGEPvQKmKaYGXPWQeWcqCfE=
